// !$*UTF8*$!
{
	archiveVersion = 1;
	classes = {
	};
	objectVersion = 55;
	objects = {

/* Begin PBXBuildFile section */
		F59EDB8E285D94930068E5CD /* SnapKit in Frameworks */ = {isa = PBXBuildFile; productRef = F59EDB8D285D94930068E5CD /* SnapKit */; };
		FD0B73C6283A993F00B6B7E8 /* AppDelegate.swift in Sources */ = {isa = PBXBuildFile; fileRef = FD0B73C5283A993F00B6B7E8 /* AppDelegate.swift */; };
		FD0B73C8283A993F00B6B7E8 /* SceneDelegate.swift in Sources */ = {isa = PBXBuildFile; fileRef = FD0B73C7283A993F00B6B7E8 /* SceneDelegate.swift */; };
		FD0B73CA283A993F00B6B7E8 /* FeedViewController.swift in Sources */ = {isa = PBXBuildFile; fileRef = FD0B73C9283A993F00B6B7E8 /* FeedViewController.swift */; };
		FD0B73D0283A993F00B6B7E8 /* LightInstagram.xcdatamodeld in Sources */ = {isa = PBXBuildFile; fileRef = FD0B73CE283A993F00B6B7E8 /* LightInstagram.xcdatamodeld */; };
		FD0B73D2283A993F00B6B7E8 /* Assets.xcassets in Resources */ = {isa = PBXBuildFile; fileRef = FD0B73D1283A993F00B6B7E8 /* Assets.xcassets */; };
		FD0B73E0283A993F00B6B7E8 /* LightInstagramTests.swift in Sources */ = {isa = PBXBuildFile; fileRef = FD0B73DF283A993F00B6B7E8 /* LightInstagramTests.swift */; };
		FD0B73EA283A993F00B6B7E8 /* LightInstagramUITests.swift in Sources */ = {isa = PBXBuildFile; fileRef = FD0B73E9283A993F00B6B7E8 /* LightInstagramUITests.swift */; };
		FD0B73EC283A993F00B6B7E8 /* LightInstagramUITestsLaunchTests.swift in Sources */ = {isa = PBXBuildFile; fileRef = FD0B73EB283A993F00B6B7E8 /* LightInstagramUITestsLaunchTests.swift */; };
		FD689814283B401D003D434C /* UserViewController.swift in Sources */ = {isa = PBXBuildFile; fileRef = FD689813283B401D003D434C /* UserViewController.swift */; };
		FD689816283B4031003D434C /* AddEditViewController.swift in Sources */ = {isa = PBXBuildFile; fileRef = FD689815283B4031003D434C /* AddEditViewController.swift */; };
/* End PBXBuildFile section */

/* Begin PBXContainerItemProxy section */
		FD0B73DC283A993F00B6B7E8 /* PBXContainerItemProxy */ = {
			isa = PBXContainerItemProxy;
			containerPortal = FD0B73BA283A993F00B6B7E8 /* Project object */;
			proxyType = 1;
			remoteGlobalIDString = FD0B73C1283A993F00B6B7E8;
			remoteInfo = LightInstagram;
		};
		FD0B73E6283A993F00B6B7E8 /* PBXContainerItemProxy */ = {
			isa = PBXContainerItemProxy;
			containerPortal = FD0B73BA283A993F00B6B7E8 /* Project object */;
			proxyType = 1;
			remoteGlobalIDString = FD0B73C1283A993F00B6B7E8;
			remoteInfo = LightInstagram;
		};
/* End PBXContainerItemProxy section */

/* Begin PBXFileReference section */
		FD0B73C2283A993F00B6B7E8 /* LightInstagram.app */ = {isa = PBXFileReference; explicitFileType = wrapper.application; includeInIndex = 0; path = LightInstagram.app; sourceTree = BUILT_PRODUCTS_DIR; };
		FD0B73C5283A993F00B6B7E8 /* AppDelegate.swift */ = {isa = PBXFileReference; lastKnownFileType = sourcecode.swift; path = AppDelegate.swift; sourceTree = "<group>"; };
		FD0B73C7283A993F00B6B7E8 /* SceneDelegate.swift */ = {isa = PBXFileReference; lastKnownFileType = sourcecode.swift; path = SceneDelegate.swift; sourceTree = "<group>"; };
		FD0B73C9283A993F00B6B7E8 /* FeedViewController.swift */ = {isa = PBXFileReference; lastKnownFileType = sourcecode.swift; path = FeedViewController.swift; sourceTree = "<group>"; };
		FD0B73CF283A993F00B6B7E8 /* LightInstagram.xcdatamodel */ = {isa = PBXFileReference; lastKnownFileType = wrapper.xcdatamodel; path = LightInstagram.xcdatamodel; sourceTree = "<group>"; };
		FD0B73D1283A993F00B6B7E8 /* Assets.xcassets */ = {isa = PBXFileReference; lastKnownFileType = folder.assetcatalog; path = Assets.xcassets; sourceTree = "<group>"; };
		FD0B73D6283A993F00B6B7E8 /* Info.plist */ = {isa = PBXFileReference; lastKnownFileType = text.plist.xml; path = Info.plist; sourceTree = "<group>"; };
		FD0B73DB283A993F00B6B7E8 /* LightInstagramTests.xctest */ = {isa = PBXFileReference; explicitFileType = wrapper.cfbundle; includeInIndex = 0; path = LightInstagramTests.xctest; sourceTree = BUILT_PRODUCTS_DIR; };
		FD0B73DF283A993F00B6B7E8 /* LightInstagramTests.swift */ = {isa = PBXFileReference; lastKnownFileType = sourcecode.swift; path = LightInstagramTests.swift; sourceTree = "<group>"; };
		FD0B73E5283A993F00B6B7E8 /* LightInstagramUITests.xctest */ = {isa = PBXFileReference; explicitFileType = wrapper.cfbundle; includeInIndex = 0; path = LightInstagramUITests.xctest; sourceTree = BUILT_PRODUCTS_DIR; };
		FD0B73E9283A993F00B6B7E8 /* LightInstagramUITests.swift */ = {isa = PBXFileReference; lastKnownFileType = sourcecode.swift; path = LightInstagramUITests.swift; sourceTree = "<group>"; };
		FD0B73EB283A993F00B6B7E8 /* LightInstagramUITestsLaunchTests.swift */ = {isa = PBXFileReference; lastKnownFileType = sourcecode.swift; path = LightInstagramUITestsLaunchTests.swift; sourceTree = "<group>"; };
		FD61B3E2283AA1E200B1C141 /* SnapKit.xcframework */ = {isa = PBXFileReference; lastKnownFileType = wrapper.xcframework; name = SnapKit.xcframework; path = Carthage/Build/SnapKit.xcframework; sourceTree = "<group>"; };
		FD689813283B401D003D434C /* UserViewController.swift */ = {isa = PBXFileReference; lastKnownFileType = sourcecode.swift; path = UserViewController.swift; sourceTree = "<group>"; };
		FD689815283B4031003D434C /* AddEditViewController.swift */ = {isa = PBXFileReference; lastKnownFileType = sourcecode.swift; path = AddEditViewController.swift; sourceTree = "<group>"; };
/* End PBXFileReference section */

/* Begin PBXFrameworksBuildPhase section */
		FD0B73BF283A993F00B6B7E8 /* Frameworks */ = {
			isa = PBXFrameworksBuildPhase;
			buildActionMask = 2147483647;
			files = (
				F59EDB8E285D94930068E5CD /* SnapKit in Frameworks */,
			);
			runOnlyForDeploymentPostprocessing = 0;
		};
		FD0B73D8283A993F00B6B7E8 /* Frameworks */ = {
			isa = PBXFrameworksBuildPhase;
			buildActionMask = 2147483647;
			files = (
			);
			runOnlyForDeploymentPostprocessing = 0;
		};
		FD0B73E2283A993F00B6B7E8 /* Frameworks */ = {
			isa = PBXFrameworksBuildPhase;
			buildActionMask = 2147483647;
			files = (
			);
			runOnlyForDeploymentPostprocessing = 0;
		};
/* End PBXFrameworksBuildPhase section */

/* Begin PBXGroup section */
		FD0B73B9283A993F00B6B7E8 = {
			isa = PBXGroup;
			children = (
				FD0B73C4283A993F00B6B7E8 /* LightInstagram */,
				FD0B73DE283A993F00B6B7E8 /* LightInstagramTests */,
				FD0B73E8283A993F00B6B7E8 /* LightInstagramUITests */,
				FD0B73C3283A993F00B6B7E8 /* Products */,
				FD61B3E1283AA1E200B1C141 /* Frameworks */,
			);
			sourceTree = "<group>";
		};
		FD0B73C3283A993F00B6B7E8 /* Products */ = {
			isa = PBXGroup;
			children = (
				FD0B73C2283A993F00B6B7E8 /* LightInstagram.app */,
				FD0B73DB283A993F00B6B7E8 /* LightInstagramTests.xctest */,
				FD0B73E5283A993F00B6B7E8 /* LightInstagramUITests.xctest */,
			);
			name = Products;
			sourceTree = "<group>";
		};
		FD0B73C4283A993F00B6B7E8 /* LightInstagram */ = {
			isa = PBXGroup;
			children = (
				FD0B73C5283A993F00B6B7E8 /* AppDelegate.swift */,
				FD0B73C7283A993F00B6B7E8 /* SceneDelegate.swift */,
				FD0B73D1283A993F00B6B7E8 /* Assets.xcassets */,
				FD0B73D6283A993F00B6B7E8 /* Info.plist */,
				FD68980F283B36CF003D434C /* Model */,
				FD689810283B36D6003D434C /* ViewCon */,
			);
			path = LightInstagram;
			sourceTree = "<group>";
		};
		FD0B73DE283A993F00B6B7E8 /* LightInstagramTests */ = {
			isa = PBXGroup;
			children = (
				FD0B73DF283A993F00B6B7E8 /* LightInstagramTests.swift */,
			);
			path = LightInstagramTests;
			sourceTree = "<group>";
		};
		FD0B73E8283A993F00B6B7E8 /* LightInstagramUITests */ = {
			isa = PBXGroup;
			children = (
				FD0B73E9283A993F00B6B7E8 /* LightInstagramUITests.swift */,
				FD0B73EB283A993F00B6B7E8 /* LightInstagramUITestsLaunchTests.swift */,
			);
			path = LightInstagramUITests;
			sourceTree = "<group>";
		};
		FD61B3E1283AA1E200B1C141 /* Frameworks */ = {
			isa = PBXGroup;
			children = (
				FD61B3E2283AA1E200B1C141 /* SnapKit.xcframework */,
			);
			name = Frameworks;
			sourceTree = "<group>";
		};
		FD68980F283B36CF003D434C /* Model */ = {
			isa = PBXGroup;
			children = (
				FD0B73CE283A993F00B6B7E8 /* LightInstagram.xcdatamodeld */,
			);
			path = Model;
			sourceTree = "<group>";
		};
		FD689810283B36D6003D434C /* ViewCon */ = {
			isa = PBXGroup;
			children = (
				FD0B73C9283A993F00B6B7E8 /* FeedViewController.swift */,
				FD689813283B401D003D434C /* UserViewController.swift */,
				FD689815283B4031003D434C /* AddEditViewController.swift */,
			);
			path = ViewCon;
			sourceTree = "<group>";
		};
/* End PBXGroup section */

/* Begin PBXNativeTarget section */
		FD0B73C1283A993F00B6B7E8 /* LightInstagram */ = {
			isa = PBXNativeTarget;
			buildConfigurationList = FD0B73EF283A993F00B6B7E8 /* Build configuration list for PBXNativeTarget "LightInstagram" */;
			buildPhases = (
				FD0B73BE283A993F00B6B7E8 /* Sources */,
				FD0B73BF283A993F00B6B7E8 /* Frameworks */,
				FD0B73C0283A993F00B6B7E8 /* Resources */,
			);
			buildRules = (
			);
			dependencies = (
			);
			name = LightInstagram;
			packageProductDependencies = (
				F59EDB8D285D94930068E5CD /* SnapKit */,
			);
			productName = LightInstagram;
			productReference = FD0B73C2283A993F00B6B7E8 /* LightInstagram.app */;
			productType = "com.apple.product-type.application";
		};
		FD0B73DA283A993F00B6B7E8 /* LightInstagramTests */ = {
			isa = PBXNativeTarget;
			buildConfigurationList = FD0B73F2283A993F00B6B7E8 /* Build configuration list for PBXNativeTarget "LightInstagramTests" */;
			buildPhases = (
				FD0B73D7283A993F00B6B7E8 /* Sources */,
				FD0B73D8283A993F00B6B7E8 /* Frameworks */,
				FD0B73D9283A993F00B6B7E8 /* Resources */,
			);
			buildRules = (
			);
			dependencies = (
				FD0B73DD283A993F00B6B7E8 /* PBXTargetDependency */,
			);
			name = LightInstagramTests;
			productName = LightInstagramTests;
			productReference = FD0B73DB283A993F00B6B7E8 /* LightInstagramTests.xctest */;
			productType = "com.apple.product-type.bundle.unit-test";
		};
		FD0B73E4283A993F00B6B7E8 /* LightInstagramUITests */ = {
			isa = PBXNativeTarget;
			buildConfigurationList = FD0B73F5283A993F00B6B7E8 /* Build configuration list for PBXNativeTarget "LightInstagramUITests" */;
			buildPhases = (
				FD0B73E1283A993F00B6B7E8 /* Sources */,
				FD0B73E2283A993F00B6B7E8 /* Frameworks */,
				FD0B73E3283A993F00B6B7E8 /* Resources */,
			);
			buildRules = (
			);
			dependencies = (
				FD0B73E7283A993F00B6B7E8 /* PBXTargetDependency */,
			);
			name = LightInstagramUITests;
			productName = LightInstagramUITests;
			productReference = FD0B73E5283A993F00B6B7E8 /* LightInstagramUITests.xctest */;
			productType = "com.apple.product-type.bundle.ui-testing";
		};
/* End PBXNativeTarget section */

/* Begin PBXProject section */
		FD0B73BA283A993F00B6B7E8 /* Project object */ = {
			isa = PBXProject;
			attributes = {
				BuildIndependentTargetsInParallel = 1;
				LastSwiftUpdateCheck = 1330;
				LastUpgradeCheck = 1330;
				TargetAttributes = {
					FD0B73C1283A993F00B6B7E8 = {
						CreatedOnToolsVersion = 13.3;
					};
					FD0B73DA283A993F00B6B7E8 = {
						CreatedOnToolsVersion = 13.3;
						TestTargetID = FD0B73C1283A993F00B6B7E8;
					};
					FD0B73E4283A993F00B6B7E8 = {
						CreatedOnToolsVersion = 13.3;
						TestTargetID = FD0B73C1283A993F00B6B7E8;
					};
				};
			};
			buildConfigurationList = FD0B73BD283A993F00B6B7E8 /* Build configuration list for PBXProject "LightInstagram" */;
			compatibilityVersion = "Xcode 13.0";
			developmentRegion = en;
			hasScannedForEncodings = 0;
			knownRegions = (
				en,
				Base,
			);
			mainGroup = FD0B73B9283A993F00B6B7E8;
			packageReferences = (
				F59EDB8C285D94930068E5CD /* XCRemoteSwiftPackageReference "SnapKit" */,
			);
			productRefGroup = FD0B73C3283A993F00B6B7E8 /* Products */;
			projectDirPath = "";
			projectRoot = "";
			targets = (
				FD0B73C1283A993F00B6B7E8 /* LightInstagram */,
				FD0B73DA283A993F00B6B7E8 /* LightInstagramTests */,
				FD0B73E4283A993F00B6B7E8 /* LightInstagramUITests */,
			);
		};
/* End PBXProject section */

/* Begin PBXResourcesBuildPhase section */
		FD0B73C0283A993F00B6B7E8 /* Resources */ = {
			isa = PBXResourcesBuildPhase;
			buildActionMask = 2147483647;
			files = (
				FD0B73D2283A993F00B6B7E8 /* Assets.xcassets in Resources */,
			);
			runOnlyForDeploymentPostprocessing = 0;
		};
		FD0B73D9283A993F00B6B7E8 /* Resources */ = {
			isa = PBXResourcesBuildPhase;
			buildActionMask = 2147483647;
			files = (
			);
			runOnlyForDeploymentPostprocessing = 0;
		};
		FD0B73E3283A993F00B6B7E8 /* Resources */ = {
			isa = PBXResourcesBuildPhase;
			buildActionMask = 2147483647;
			files = (
			);
			runOnlyForDeploymentPostprocessing = 0;
		};
/* End PBXResourcesBuildPhase section */

/* Begin PBXSourcesBuildPhase section */
		FD0B73BE283A993F00B6B7E8 /* Sources */ = {
			isa = PBXSourcesBuildPhase;
			buildActionMask = 2147483647;
			files = (
				FD0B73CA283A993F00B6B7E8 /* FeedViewController.swift in Sources */,
				FD689816283B4031003D434C /* AddEditViewController.swift in Sources */,
				FD689814283B401D003D434C /* UserViewController.swift in Sources */,
				FD0B73D0283A993F00B6B7E8 /* LightInstagram.xcdatamodeld in Sources */,
				FD0B73C6283A993F00B6B7E8 /* AppDelegate.swift in Sources */,
				FD0B73C8283A993F00B6B7E8 /* SceneDelegate.swift in Sources */,
			);
			runOnlyForDeploymentPostprocessing = 0;
		};
		FD0B73D7283A993F00B6B7E8 /* Sources */ = {
			isa = PBXSourcesBuildPhase;
			buildActionMask = 2147483647;
			files = (
				FD0B73E0283A993F00B6B7E8 /* LightInstagramTests.swift in Sources */,
			);
			runOnlyForDeploymentPostprocessing = 0;
		};
		FD0B73E1283A993F00B6B7E8 /* Sources */ = {
			isa = PBXSourcesBuildPhase;
			buildActionMask = 2147483647;
			files = (
				FD0B73EC283A993F00B6B7E8 /* LightInstagramUITestsLaunchTests.swift in Sources */,
				FD0B73EA283A993F00B6B7E8 /* LightInstagramUITests.swift in Sources */,
			);
			runOnlyForDeploymentPostprocessing = 0;
		};
/* End PBXSourcesBuildPhase section */

/* Begin PBXTargetDependency section */
		FD0B73DD283A993F00B6B7E8 /* PBXTargetDependency */ = {
			isa = PBXTargetDependency;
			target = FD0B73C1283A993F00B6B7E8 /* LightInstagram */;
			targetProxy = FD0B73DC283A993F00B6B7E8 /* PBXContainerItemProxy */;
		};
		FD0B73E7283A993F00B6B7E8 /* PBXTargetDependency */ = {
			isa = PBXTargetDependency;
			target = FD0B73C1283A993F00B6B7E8 /* LightInstagram */;
			targetProxy = FD0B73E6283A993F00B6B7E8 /* PBXContainerItemProxy */;
		};
/* End PBXTargetDependency section */

/* Begin XCBuildConfiguration section */
		FD0B73ED283A993F00B6B7E8 /* Debug */ = {
			isa = XCBuildConfiguration;
			buildSettings = {
				ALWAYS_SEARCH_USER_PATHS = NO;
				CLANG_ANALYZER_NONNULL = YES;
				CLANG_ANALYZER_NUMBER_OBJECT_CONVERSION = YES_AGGRESSIVE;
				CLANG_CXX_LANGUAGE_STANDARD = "gnu++17";
				CLANG_ENABLE_MODULES = YES;
				CLANG_ENABLE_OBJC_ARC = YES;
				CLANG_ENABLE_OBJC_WEAK = YES;
				CLANG_WARN_BLOCK_CAPTURE_AUTORELEASING = YES;
				CLANG_WARN_BOOL_CONVERSION = YES;
				CLANG_WARN_COMMA = YES;
				CLANG_WARN_CONSTANT_CONVERSION = YES;
				CLANG_WARN_DEPRECATED_OBJC_IMPLEMENTATIONS = YES;
				CLANG_WARN_DIRECT_OBJC_ISA_USAGE = YES_ERROR;
				CLANG_WARN_DOCUMENTATION_COMMENTS = YES;
				CLANG_WARN_EMPTY_BODY = YES;
				CLANG_WARN_ENUM_CONVERSION = YES;
				CLANG_WARN_INFINITE_RECURSION = YES;
				CLANG_WARN_INT_CONVERSION = YES;
				CLANG_WARN_NON_LITERAL_NULL_CONVERSION = YES;
				CLANG_WARN_OBJC_IMPLICIT_RETAIN_SELF = YES;
				CLANG_WARN_OBJC_LITERAL_CONVERSION = YES;
				CLANG_WARN_OBJC_ROOT_CLASS = YES_ERROR;
				CLANG_WARN_QUOTED_INCLUDE_IN_FRAMEWORK_HEADER = YES;
				CLANG_WARN_RANGE_LOOP_ANALYSIS = YES;
				CLANG_WARN_STRICT_PROTOTYPES = YES;
				CLANG_WARN_SUSPICIOUS_MOVE = YES;
				CLANG_WARN_UNGUARDED_AVAILABILITY = YES_AGGRESSIVE;
				CLANG_WARN_UNREACHABLE_CODE = YES;
				CLANG_WARN__DUPLICATE_METHOD_MATCH = YES;
				COPY_PHASE_STRIP = NO;
				DEBUG_INFORMATION_FORMAT = dwarf;
				ENABLE_STRICT_OBJC_MSGSEND = YES;
				ENABLE_TESTABILITY = YES;
				GCC_C_LANGUAGE_STANDARD = gnu11;
				GCC_DYNAMIC_NO_PIC = NO;
				GCC_NO_COMMON_BLOCKS = YES;
				GCC_OPTIMIZATION_LEVEL = 0;
				GCC_PREPROCESSOR_DEFINITIONS = (
					"DEBUG=1",
					"$(inherited)",
				);
				GCC_WARN_64_TO_32_BIT_CONVERSION = YES;
				GCC_WARN_ABOUT_RETURN_TYPE = YES_ERROR;
				GCC_WARN_UNDECLARED_SELECTOR = YES;
				GCC_WARN_UNINITIALIZED_AUTOS = YES_AGGRESSIVE;
				GCC_WARN_UNUSED_FUNCTION = YES;
				GCC_WARN_UNUSED_VARIABLE = YES;
				IPHONEOS_DEPLOYMENT_TARGET = 15.4;
				MTL_ENABLE_DEBUG_INFO = INCLUDE_SOURCE;
				MTL_FAST_MATH = YES;
				ONLY_ACTIVE_ARCH = YES;
				SDKROOT = iphoneos;
				SWIFT_ACTIVE_COMPILATION_CONDITIONS = DEBUG;
				SWIFT_OPTIMIZATION_LEVEL = "-Onone";
			};
			name = Debug;
		};
		FD0B73EE283A993F00B6B7E8 /* Release */ = {
			isa = XCBuildConfiguration;
			buildSettings = {
				ALWAYS_SEARCH_USER_PATHS = NO;
				CLANG_ANALYZER_NONNULL = YES;
				CLANG_ANALYZER_NUMBER_OBJECT_CONVERSION = YES_AGGRESSIVE;
				CLANG_CXX_LANGUAGE_STANDARD = "gnu++17";
				CLANG_ENABLE_MODULES = YES;
				CLANG_ENABLE_OBJC_ARC = YES;
				CLANG_ENABLE_OBJC_WEAK = YES;
				CLANG_WARN_BLOCK_CAPTURE_AUTORELEASING = YES;
				CLANG_WARN_BOOL_CONVERSION = YES;
				CLANG_WARN_COMMA = YES;
				CLANG_WARN_CONSTANT_CONVERSION = YES;
				CLANG_WARN_DEPRECATED_OBJC_IMPLEMENTATIONS = YES;
				CLANG_WARN_DIRECT_OBJC_ISA_USAGE = YES_ERROR;
				CLANG_WARN_DOCUMENTATION_COMMENTS = YES;
				CLANG_WARN_EMPTY_BODY = YES;
				CLANG_WARN_ENUM_CONVERSION = YES;
				CLANG_WARN_INFINITE_RECURSION = YES;
				CLANG_WARN_INT_CONVERSION = YES;
				CLANG_WARN_NON_LITERAL_NULL_CONVERSION = YES;
				CLANG_WARN_OBJC_IMPLICIT_RETAIN_SELF = YES;
				CLANG_WARN_OBJC_LITERAL_CONVERSION = YES;
				CLANG_WARN_OBJC_ROOT_CLASS = YES_ERROR;
				CLANG_WARN_QUOTED_INCLUDE_IN_FRAMEWORK_HEADER = YES;
				CLANG_WARN_RANGE_LOOP_ANALYSIS = YES;
				CLANG_WARN_STRICT_PROTOTYPES = YES;
				CLANG_WARN_SUSPICIOUS_MOVE = YES;
				CLANG_WARN_UNGUARDED_AVAILABILITY = YES_AGGRESSIVE;
				CLANG_WARN_UNREACHABLE_CODE = YES;
				CLANG_WARN__DUPLICATE_METHOD_MATCH = YES;
				COPY_PHASE_STRIP = NO;
				DEBUG_INFORMATION_FORMAT = "dwarf-with-dsym";
				ENABLE_NS_ASSERTIONS = NO;
				ENABLE_STRICT_OBJC_MSGSEND = YES;
				GCC_C_LANGUAGE_STANDARD = gnu11;
				GCC_NO_COMMON_BLOCKS = YES;
				GCC_WARN_64_TO_32_BIT_CONVERSION = YES;
				GCC_WARN_ABOUT_RETURN_TYPE = YES_ERROR;
				GCC_WARN_UNDECLARED_SELECTOR = YES;
				GCC_WARN_UNINITIALIZED_AUTOS = YES_AGGRESSIVE;
				GCC_WARN_UNUSED_FUNCTION = YES;
				GCC_WARN_UNUSED_VARIABLE = YES;
				IPHONEOS_DEPLOYMENT_TARGET = 15.4;
				MTL_ENABLE_DEBUG_INFO = NO;
				MTL_FAST_MATH = YES;
				SDKROOT = iphoneos;
				SWIFT_COMPILATION_MODE = wholemodule;
				SWIFT_OPTIMIZATION_LEVEL = "-O";
				VALIDATE_PRODUCT = YES;
			};
			name = Release;
		};
		FD0B73F0283A993F00B6B7E8 /* Debug */ = {
			isa = XCBuildConfiguration;
			buildSettings = {
				ASSETCATALOG_COMPILER_APPICON_NAME = AppIcon;
				ASSETCATALOG_COMPILER_GLOBAL_ACCENT_COLOR_NAME = AccentColor;
				CODE_SIGN_STYLE = Automatic;
				CURRENT_PROJECT_VERSION = 1;
				DEVELOPMENT_TEAM = ZMXTCSPNUZ;
				GENERATE_INFOPLIST_FILE = YES;
				INFOPLIST_FILE = LightInstagram/Info.plist;
				INFOPLIST_KEY_UIApplicationSupportsIndirectInputEvents = YES;
				INFOPLIST_KEY_UILaunchStoryboardName = LaunchScreen;
				INFOPLIST_KEY_UISupportedInterfaceOrientations_iPad = "UIInterfaceOrientationPortrait UIInterfaceOrientationPortraitUpsideDown UIInterfaceOrientationLandscapeLeft UIInterfaceOrientationLandscapeRight";
				INFOPLIST_KEY_UISupportedInterfaceOrientations_iPhone = "UIInterfaceOrientationPortrait UIInterfaceOrientationLandscapeLeft UIInterfaceOrientationLandscapeRight";
				LD_RUNPATH_SEARCH_PATHS = (
					"$(inherited)",
					"@executable_path/Frameworks",
				);
				MARKETING_VERSION = 1.0;
				PRODUCT_BUNDLE_IDENTIFIER = HIGHSOUL.LightInstagram;
				PRODUCT_NAME = "$(TARGET_NAME)";
				SWIFT_EMIT_LOC_STRINGS = YES;
				SWIFT_VERSION = 5.0;
				TARGETED_DEVICE_FAMILY = "1,2";
			};
			name = Debug;
		};
		FD0B73F1283A993F00B6B7E8 /* Release */ = {
			isa = XCBuildConfiguration;
			buildSettings = {
				ASSETCATALOG_COMPILER_APPICON_NAME = AppIcon;
				ASSETCATALOG_COMPILER_GLOBAL_ACCENT_COLOR_NAME = AccentColor;
				CODE_SIGN_STYLE = Automatic;
				CURRENT_PROJECT_VERSION = 1;
				DEVELOPMENT_TEAM = ZMXTCSPNUZ;
				GENERATE_INFOPLIST_FILE = YES;
				INFOPLIST_FILE = LightInstagram/Info.plist;
				INFOPLIST_KEY_UIApplicationSupportsIndirectInputEvents = YES;
				INFOPLIST_KEY_UILaunchStoryboardName = LaunchScreen;
				INFOPLIST_KEY_UISupportedInterfaceOrientations_iPad = "UIInterfaceOrientationPortrait UIInterfaceOrientationPortraitUpsideDown UIInterfaceOrientationLandscapeLeft UIInterfaceOrientationLandscapeRight";
				INFOPLIST_KEY_UISupportedInterfaceOrientations_iPhone = "UIInterfaceOrientationPortrait UIInterfaceOrientationLandscapeLeft UIInterfaceOrientationLandscapeRight";
				LD_RUNPATH_SEARCH_PATHS = (
					"$(inherited)",
					"@executable_path/Frameworks",
				);
				MARKETING_VERSION = 1.0;
				PRODUCT_BUNDLE_IDENTIFIER = HIGHSOUL.LightInstagram;
				PRODUCT_NAME = "$(TARGET_NAME)";
				SWIFT_EMIT_LOC_STRINGS = YES;
				SWIFT_VERSION = 5.0;
				TARGETED_DEVICE_FAMILY = "1,2";
			};
			name = Release;
		};
		FD0B73F3283A993F00B6B7E8 /* Debug */ = {
			isa = XCBuildConfiguration;
			buildSettings = {
				ALWAYS_EMBED_SWIFT_STANDARD_LIBRARIES = YES;
				BUNDLE_LOADER = "$(TEST_HOST)";
				CODE_SIGN_STYLE = Automatic;
				CURRENT_PROJECT_VERSION = 1;
				GENERATE_INFOPLIST_FILE = YES;
				IPHONEOS_DEPLOYMENT_TARGET = 15.4;
				MARKETING_VERSION = 1.0;
				PRODUCT_BUNDLE_IDENTIFIER = HIGHSOUL.LightInstagramTests;
				PRODUCT_NAME = "$(TARGET_NAME)";
				SWIFT_EMIT_LOC_STRINGS = NO;
				SWIFT_VERSION = 5.0;
				TARGETED_DEVICE_FAMILY = "1,2";
				TEST_HOST = "$(BUILT_PRODUCTS_DIR)/LightInstagram.app/LightInstagram";
			};
			name = Debug;
		};
		FD0B73F4283A993F00B6B7E8 /* Release */ = {
			isa = XCBuildConfiguration;
			buildSettings = {
				ALWAYS_EMBED_SWIFT_STANDARD_LIBRARIES = YES;
				BUNDLE_LOADER = "$(TEST_HOST)";
				CODE_SIGN_STYLE = Automatic;
				CURRENT_PROJECT_VERSION = 1;
				GENERATE_INFOPLIST_FILE = YES;
				IPHONEOS_DEPLOYMENT_TARGET = 15.4;
				MARKETING_VERSION = 1.0;
				PRODUCT_BUNDLE_IDENTIFIER = HIGHSOUL.LightInstagramTests;
				PRODUCT_NAME = "$(TARGET_NAME)";
				SWIFT_EMIT_LOC_STRINGS = NO;
				SWIFT_VERSION = 5.0;
				TARGETED_DEVICE_FAMILY = "1,2";
				TEST_HOST = "$(BUILT_PRODUCTS_DIR)/LightInstagram.app/LightInstagram";
			};
			name = Release;
		};
		FD0B73F6283A993F00B6B7E8 /* Debug */ = {
			isa = XCBuildConfiguration;
			buildSettings = {
				ALWAYS_EMBED_SWIFT_STANDARD_LIBRARIES = YES;
				CODE_SIGN_STYLE = Automatic;
				CURRENT_PROJECT_VERSION = 1;
				GENERATE_INFOPLIST_FILE = YES;
				MARKETING_VERSION = 1.0;
				PRODUCT_BUNDLE_IDENTIFIER = HIGHSOUL.LightInstagramUITests;
				PRODUCT_NAME = "$(TARGET_NAME)";
				SWIFT_EMIT_LOC_STRINGS = NO;
				SWIFT_VERSION = 5.0;
				TARGETED_DEVICE_FAMILY = "1,2";
				TEST_TARGET_NAME = LightInstagram;
			};
			name = Debug;
		};
		FD0B73F7283A993F00B6B7E8 /* Release */ = {
			isa = XCBuildConfiguration;
			buildSettings = {
				ALWAYS_EMBED_SWIFT_STANDARD_LIBRARIES = YES;
				CODE_SIGN_STYLE = Automatic;
				CURRENT_PROJECT_VERSION = 1;
				GENERATE_INFOPLIST_FILE = YES;
				MARKETING_VERSION = 1.0;
				PRODUCT_BUNDLE_IDENTIFIER = HIGHSOUL.LightInstagramUITests;
				PRODUCT_NAME = "$(TARGET_NAME)";
				SWIFT_EMIT_LOC_STRINGS = NO;
				SWIFT_VERSION = 5.0;
				TARGETED_DEVICE_FAMILY = "1,2";
				TEST_TARGET_NAME = LightInstagram;
			};
			name = Release;
		};
/* End XCBuildConfiguration section */

/* Begin XCConfigurationList section */
		FD0B73BD283A993F00B6B7E8 /* Build configuration list for PBXProject "LightInstagram" */ = {
			isa = XCConfigurationList;
			buildConfigurations = (
				FD0B73ED283A993F00B6B7E8 /* Debug */,
				FD0B73EE283A993F00B6B7E8 /* Release */,
			);
			defaultConfigurationIsVisible = 0;
			defaultConfigurationName = Release;
		};
		FD0B73EF283A993F00B6B7E8 /* Build configuration list for PBXNativeTarget "LightInstagram" */ = {
			isa = XCConfigurationList;
			buildConfigurations = (
				FD0B73F0283A993F00B6B7E8 /* Debug */,
				FD0B73F1283A993F00B6B7E8 /* Release */,
			);
			defaultConfigurationIsVisible = 0;
			defaultConfigurationName = Release;
		};
		FD0B73F2283A993F00B6B7E8 /* Build configuration list for PBXNativeTarget "LightInstagramTests" */ = {
			isa = XCConfigurationList;
			buildConfigurations = (
				FD0B73F3283A993F00B6B7E8 /* Debug */,
				FD0B73F4283A993F00B6B7E8 /* Release */,
			);
			defaultConfigurationIsVisible = 0;
			defaultConfigurationName = Release;
		};
		FD0B73F5283A993F00B6B7E8 /* Build configuration list for PBXNativeTarget "LightInstagramUITests" */ = {
			isa = XCConfigurationList;
			buildConfigurations = (
				FD0B73F6283A993F00B6B7E8 /* Debug */,
				FD0B73F7283A993F00B6B7E8 /* Release */,
			);
			defaultConfigurationIsVisible = 0;
			defaultConfigurationName = Release;
		};
/* End XCConfigurationList section */

/* Begin XCRemoteSwiftPackageReference section */
		F59EDB8C285D94930068E5CD /* XCRemoteSwiftPackageReference "SnapKit" */ = {
			isa = XCRemoteSwiftPackageReference;
			repositoryURL = "https://github.com/SnapKit/SnapKit.git";
			requirement = {
				kind = upToNextMajorVersion;
				minimumVersion = 5.0.0;
			};
		};
/* End XCRemoteSwiftPackageReference section */

/* Begin XCSwiftPackageProductDependency section */
		F59EDB8D285D94930068E5CD /* SnapKit */ = {
			isa = XCSwiftPackageProductDependency;
			package = F59EDB8C285D94930068E5CD /* XCRemoteSwiftPackageReference "SnapKit" */;
			productName = SnapKit;
		};
/* End XCSwiftPackageProductDependency section */

/* Begin XCVersionGroup section */
		FD0B73CE283A993F00B6B7E8 /* LightInstagram.xcdatamodeld */ = {
			isa = XCVersionGroup;
			children = (
				FD0B73CF283A993F00B6B7E8 /* LightInstagram.xcdatamodel */,
			);
			currentVersion = FD0B73CF283A993F00B6B7E8 /* LightInstagram.xcdatamodel */;
			path = LightInstagram.xcdatamodeld;
			sourceTree = "<group>";
			versionGroupType = wrapper.xcdatamodel;
		};
/* End XCVersionGroup section */
	};
	rootObject = FD0B73BA283A993F00B6B7E8 /* Project object */;
}
