// !$*UTF8*$!
{
	archiveVersion = 1;
	classes = {
	};
	objectVersion = 55;
	objects = {

/* Begin PBXBuildFile section */
		FA359614283E9C9800A8000B /* AppDelegate.swift in Sources */ = {isa = PBXBuildFile; fileRef = FA359613283E9C9800A8000B /* AppDelegate.swift */; };
		FA359616283E9C9800A8000B /* SceneDelegate.swift in Sources */ = {isa = PBXBuildFile; fileRef = FA359615283E9C9800A8000B /* SceneDelegate.swift */; };
		FA359618283E9C9800A8000B /* ViewController.swift in Sources */ = {isa = PBXBuildFile; fileRef = FA359617283E9C9800A8000B /* ViewController.swift */; };
		FA35961D283E9C9900A8000B /* Assets.xcassets in Resources */ = {isa = PBXBuildFile; fileRef = FA35961C283E9C9900A8000B /* Assets.xcassets */; };
		FA359620283E9C9900A8000B /* LaunchScreen.storyboard in Resources */ = {isa = PBXBuildFile; fileRef = FA35961E283E9C9900A8000B /* LaunchScreen.storyboard */; };
		FA35962B283E9C9900A8000B /* Instagram_LightTests.swift in Sources */ = {isa = PBXBuildFile; fileRef = FA35962A283E9C9900A8000B /* Instagram_LightTests.swift */; };
		FA359635283E9C9900A8000B /* Instagram_LightUITests.swift in Sources */ = {isa = PBXBuildFile; fileRef = FA359634283E9C9900A8000B /* Instagram_LightUITests.swift */; };
		FA359637283E9C9900A8000B /* Instagram_LightUITestsLaunchTests.swift in Sources */ = {isa = PBXBuildFile; fileRef = FA359636283E9C9900A8000B /* Instagram_LightUITestsLaunchTests.swift */; };
/* End PBXBuildFile section */

/* Begin PBXContainerItemProxy section */
		FA359627283E9C9900A8000B /* PBXContainerItemProxy */ = {
			isa = PBXContainerItemProxy;
			containerPortal = FA359608283E9C9800A8000B /* Project object */;
			proxyType = 1;
			remoteGlobalIDString = FA35960F283E9C9800A8000B;
			remoteInfo = Instagram_Light;
		};
		FA359631283E9C9900A8000B /* PBXContainerItemProxy */ = {
			isa = PBXContainerItemProxy;
			containerPortal = FA359608283E9C9800A8000B /* Project object */;
			proxyType = 1;
			remoteGlobalIDString = FA35960F283E9C9800A8000B;
			remoteInfo = Instagram_Light;
		};
/* End PBXContainerItemProxy section */

/* Begin PBXFileReference section */
		FA359610283E9C9800A8000B /* Instagram_Light.app */ = {isa = PBXFileReference; explicitFileType = wrapper.application; includeInIndex = 0; path = Instagram_Light.app; sourceTree = BUILT_PRODUCTS_DIR; };
		FA359613283E9C9800A8000B /* AppDelegate.swift */ = {isa = PBXFileReference; lastKnownFileType = sourcecode.swift; path = AppDelegate.swift; sourceTree = "<group>"; };
		FA359615283E9C9800A8000B /* SceneDelegate.swift */ = {isa = PBXFileReference; lastKnownFileType = sourcecode.swift; path = SceneDelegate.swift; sourceTree = "<group>"; };
		FA359617283E9C9800A8000B /* ViewController.swift */ = {isa = PBXFileReference; lastKnownFileType = sourcecode.swift; path = ViewController.swift; sourceTree = "<group>"; };
		FA35961C283E9C9900A8000B /* Assets.xcassets */ = {isa = PBXFileReference; lastKnownFileType = folder.assetcatalog; path = Assets.xcassets; sourceTree = "<group>"; };
		FA35961F283E9C9900A8000B /* Base */ = {isa = PBXFileReference; lastKnownFileType = file.storyboard; name = Base; path = Base.lproj/LaunchScreen.storyboard; sourceTree = "<group>"; };
		FA359621283E9C9900A8000B /* Info.plist */ = {isa = PBXFileReference; lastKnownFileType = text.plist.xml; path = Info.plist; sourceTree = "<group>"; };
		FA359626283E9C9900A8000B /* Instagram_LightTests.xctest */ = {isa = PBXFileReference; explicitFileType = wrapper.cfbundle; includeInIndex = 0; path = Instagram_LightTests.xctest; sourceTree = BUILT_PRODUCTS_DIR; };
		FA35962A283E9C9900A8000B /* Instagram_LightTests.swift */ = {isa = PBXFileReference; lastKnownFileType = sourcecode.swift; path = Instagram_LightTests.swift; sourceTree = "<group>"; };
		FA359630283E9C9900A8000B /* Instagram_LightUITests.xctest */ = {isa = PBXFileReference; explicitFileType = wrapper.cfbundle; includeInIndex = 0; path = Instagram_LightUITests.xctest; sourceTree = BUILT_PRODUCTS_DIR; };
		FA359634283E9C9900A8000B /* Instagram_LightUITests.swift */ = {isa = PBXFileReference; lastKnownFileType = sourcecode.swift; path = Instagram_LightUITests.swift; sourceTree = "<group>"; };
		FA359636283E9C9900A8000B /* Instagram_LightUITestsLaunchTests.swift */ = {isa = PBXFileReference; lastKnownFileType = sourcecode.swift; path = Instagram_LightUITestsLaunchTests.swift; sourceTree = "<group>"; };
/* End PBXFileReference section */

/* Begin PBXFrameworksBuildPhase section */
		FA35960D283E9C9800A8000B /* Frameworks */ = {
			isa = PBXFrameworksBuildPhase;
			buildActionMask = 2147483647;
			files = (
			);
			runOnlyForDeploymentPostprocessing = 0;
		};
		FA359623283E9C9900A8000B /* Frameworks */ = {
			isa = PBXFrameworksBuildPhase;
			buildActionMask = 2147483647;
			files = (
			);
			runOnlyForDeploymentPostprocessing = 0;
		};
		FA35962D283E9C9900A8000B /* Frameworks */ = {
			isa = PBXFrameworksBuildPhase;
			buildActionMask = 2147483647;
			files = (
			);
			runOnlyForDeploymentPostprocessing = 0;
		};
/* End PBXFrameworksBuildPhase section */

/* Begin PBXGroup section */
		FA359607283E9C9800A8000B = {
			isa = PBXGroup;
			children = (
				FA359612283E9C9800A8000B /* Instagram_Light */,
				FA359629283E9C9900A8000B /* Instagram_LightTests */,
				FA359633283E9C9900A8000B /* Instagram_LightUITests */,
				FA359611283E9C9800A8000B /* Products */,
			);
			sourceTree = "<group>";
		};
		FA359611283E9C9800A8000B /* Products */ = {
			isa = PBXGroup;
			children = (
				FA359610283E9C9800A8000B /* Instagram_Light.app */,
				FA359626283E9C9900A8000B /* Instagram_LightTests.xctest */,
				FA359630283E9C9900A8000B /* Instagram_LightUITests.xctest */,
			);
			name = Products;
			sourceTree = "<group>";
		};
		FA359612283E9C9800A8000B /* Instagram_Light */ = {
			isa = PBXGroup;
			children = (
				FA359613283E9C9800A8000B /* AppDelegate.swift */,
				FA359615283E9C9800A8000B /* SceneDelegate.swift */,
				FA359617283E9C9800A8000B /* ViewController.swift */,
				FA35961C283E9C9900A8000B /* Assets.xcassets */,
				FA35961E283E9C9900A8000B /* LaunchScreen.storyboard */,
				FA359621283E9C9900A8000B /* Info.plist */,
			);
			path = Instagram_Light;
			sourceTree = "<group>";
		};
		FA359629283E9C9900A8000B /* Instagram_LightTests */ = {
			isa = PBXGroup;
			children = (
				FA35962A283E9C9900A8000B /* Instagram_LightTests.swift */,
			);
			path = Instagram_LightTests;
			sourceTree = "<group>";
		};
		FA359633283E9C9900A8000B /* Instagram_LightUITests */ = {
			isa = PBXGroup;
			children = (
				FA359634283E9C9900A8000B /* Instagram_LightUITests.swift */,
				FA359636283E9C9900A8000B /* Instagram_LightUITestsLaunchTests.swift */,
			);
			path = Instagram_LightUITests;
			sourceTree = "<group>";
		};
/* End PBXGroup section */

/* Begin PBXNativeTarget section */
		FA35960F283E9C9800A8000B /* Instagram_Light */ = {
			isa = PBXNativeTarget;
			buildConfigurationList = FA35963A283E9C9900A8000B /* Build configuration list for PBXNativeTarget "Instagram_Light" */;
			buildPhases = (
				FA35960C283E9C9800A8000B /* Sources */,
				FA35960D283E9C9800A8000B /* Frameworks */,
				FA35960E283E9C9800A8000B /* Resources */,
			);
			buildRules = (
			);
			dependencies = (
			);
			name = Instagram_Light;
			productName = Instagram_Light;
			productReference = FA359610283E9C9800A8000B /* Instagram_Light.app */;
			productType = "com.apple.product-type.application";
		};
		FA359625283E9C9900A8000B /* Instagram_LightTests */ = {
			isa = PBXNativeTarget;
			buildConfigurationList = FA35963D283E9C9900A8000B /* Build configuration list for PBXNativeTarget "Instagram_LightTests" */;
			buildPhases = (
				FA359622283E9C9900A8000B /* Sources */,
				FA359623283E9C9900A8000B /* Frameworks */,
				FA359624283E9C9900A8000B /* Resources */,
			);
			buildRules = (
			);
			dependencies = (
				FA359628283E9C9900A8000B /* PBXTargetDependency */,
			);
			name = Instagram_LightTests;
			productName = Instagram_LightTests;
			productReference = FA359626283E9C9900A8000B /* Instagram_LightTests.xctest */;
			productType = "com.apple.product-type.bundle.unit-test";
		};
		FA35962F283E9C9900A8000B /* Instagram_LightUITests */ = {
			isa = PBXNativeTarget;
			buildConfigurationList = FA359640283E9C9900A8000B /* Build configuration list for PBXNativeTarget "Instagram_LightUITests" */;
			buildPhases = (
				FA35962C283E9C9900A8000B /* Sources */,
				FA35962D283E9C9900A8000B /* Frameworks */,
				FA35962E283E9C9900A8000B /* Resources */,
			);
			buildRules = (
			);
			dependencies = (
				FA359632283E9C9900A8000B /* PBXTargetDependency */,
			);
			name = Instagram_LightUITests;
			productName = Instagram_LightUITests;
			productReference = FA359630283E9C9900A8000B /* Instagram_LightUITests.xctest */;
			productType = "com.apple.product-type.bundle.ui-testing";
		};
/* End PBXNativeTarget section */

/* Begin PBXProject section */
		FA359608283E9C9800A8000B /* Project object */ = {
			isa = PBXProject;
			attributes = {
				BuildIndependentTargetsInParallel = 1;
				LastSwiftUpdateCheck = 1330;
				LastUpgradeCheck = 1330;
				TargetAttributes = {
					FA35960F283E9C9800A8000B = {
						CreatedOnToolsVersion = 13.3;
					};
					FA359625283E9C9900A8000B = {
						CreatedOnToolsVersion = 13.3;
						TestTargetID = FA35960F283E9C9800A8000B;
					};
					FA35962F283E9C9900A8000B = {
						CreatedOnToolsVersion = 13.3;
						TestTargetID = FA35960F283E9C9800A8000B;
					};
				};
			};
			buildConfigurationList = FA35960B283E9C9800A8000B /* Build configuration list for PBXProject "Instagram_Light" */;
			compatibilityVersion = "Xcode 13.0";
			developmentRegion = en;
			hasScannedForEncodings = 0;
			knownRegions = (
				en,
				Base,
			);
			mainGroup = FA359607283E9C9800A8000B;
			productRefGroup = FA359611283E9C9800A8000B /* Products */;
			projectDirPath = "";
			projectRoot = "";
			targets = (
				FA35960F283E9C9800A8000B /* Instagram_Light */,
				FA359625283E9C9900A8000B /* Instagram_LightTests */,
				FA35962F283E9C9900A8000B /* Instagram_LightUITests */,
			);
		};
/* End PBXProject section */

/* Begin PBXResourcesBuildPhase section */
		FA35960E283E9C9800A8000B /* Resources */ = {
			isa = PBXResourcesBuildPhase;
			buildActionMask = 2147483647;
			files = (
				FA359620283E9C9900A8000B /* LaunchScreen.storyboard in Resources */,
				FA35961D283E9C9900A8000B /* Assets.xcassets in Resources */,
			);
			runOnlyForDeploymentPostprocessing = 0;
		};
		FA359624283E9C9900A8000B /* Resources */ = {
			isa = PBXResourcesBuildPhase;
			buildActionMask = 2147483647;
			files = (
			);
			runOnlyForDeploymentPostprocessing = 0;
		};
		FA35962E283E9C9900A8000B /* Resources */ = {
			isa = PBXResourcesBuildPhase;
			buildActionMask = 2147483647;
			files = (
			);
			runOnlyForDeploymentPostprocessing = 0;
		};
/* End PBXResourcesBuildPhase section */

/* Begin PBXSourcesBuildPhase section */
		FA35960C283E9C9800A8000B /* Sources */ = {
			isa = PBXSourcesBuildPhase;
			buildActionMask = 2147483647;
			files = (
				FA359618283E9C9800A8000B /* ViewController.swift in Sources */,
				FA359614283E9C9800A8000B /* AppDelegate.swift in Sources */,
				FA359616283E9C9800A8000B /* SceneDelegate.swift in Sources */,
			);
			runOnlyForDeploymentPostprocessing = 0;
		};
		FA359622283E9C9900A8000B /* Sources */ = {
			isa = PBXSourcesBuildPhase;
			buildActionMask = 2147483647;
			files = (
				FA35962B283E9C9900A8000B /* Instagram_LightTests.swift in Sources */,
			);
			runOnlyForDeploymentPostprocessing = 0;
		};
		FA35962C283E9C9900A8000B /* Sources */ = {
			isa = PBXSourcesBuildPhase;
			buildActionMask = 2147483647;
			files = (
				FA359637283E9C9900A8000B /* Instagram_LightUITestsLaunchTests.swift in Sources */,
				FA359635283E9C9900A8000B /* Instagram_LightUITests.swift in Sources */,
			);
			runOnlyForDeploymentPostprocessing = 0;
		};
/* End PBXSourcesBuildPhase section */

/* Begin PBXTargetDependency section */
		FA359628283E9C9900A8000B /* PBXTargetDependency */ = {
			isa = PBXTargetDependency;
			target = FA35960F283E9C9800A8000B /* Instagram_Light */;
			targetProxy = FA359627283E9C9900A8000B /* PBXContainerItemProxy */;
		};
		FA359632283E9C9900A8000B /* PBXTargetDependency */ = {
			isa = PBXTargetDependency;
			target = FA35960F283E9C9800A8000B /* Instagram_Light */;
			targetProxy = FA359631283E9C9900A8000B /* PBXContainerItemProxy */;
		};
/* End PBXTargetDependency section */

/* Begin PBXVariantGroup section */
		FA35961E283E9C9900A8000B /* LaunchScreen.storyboard */ = {
			isa = PBXVariantGroup;
			children = (
				FA35961F283E9C9900A8000B /* Base */,
			);
			name = LaunchScreen.storyboard;
			sourceTree = "<group>";
		};
/* End PBXVariantGroup section */

/* Begin XCBuildConfiguration section */
		FA359638283E9C9900A8000B /* Debug */ = {
			isa = XCBuildConfiguration;
			buildSettings = {
				ALWAYS_SEARCH_USER_PATHS = NO;
				CLANG_ANALYZER_NONNULL = YES;
				CLANG_ANALYZER_NUMBER_OBJECT_CONVERSION = YES_AGGRESSIVE;
				CLANG_CXX_LANGUAGE_STANDARD = "gnu++17";
				CLANG_ENABLE_MODULES = YES;
				CLANG_ENABLE_OBJC_ARC = YES;
				CLANG_ENABLE_OBJC_WEAK = YES;
				CLANG_WARN_BLOCK_CAPTURE_AUTORELEASING = YES;
				CLANG_WARN_BOOL_CONVERSION = YES;
				CLANG_WARN_COMMA = YES;
				CLANG_WARN_CONSTANT_CONVERSION = YES;
				CLANG_WARN_DEPRECATED_OBJC_IMPLEMENTATIONS = YES;
				CLANG_WARN_DIRECT_OBJC_ISA_USAGE = YES_ERROR;
				CLANG_WARN_DOCUMENTATION_COMMENTS = YES;
				CLANG_WARN_EMPTY_BODY = YES;
				CLANG_WARN_ENUM_CONVERSION = YES;
				CLANG_WARN_INFINITE_RECURSION = YES;
				CLANG_WARN_INT_CONVERSION = YES;
				CLANG_WARN_NON_LITERAL_NULL_CONVERSION = YES;
				CLANG_WARN_OBJC_IMPLICIT_RETAIN_SELF = YES;
				CLANG_WARN_OBJC_LITERAL_CONVERSION = YES;
				CLANG_WARN_OBJC_ROOT_CLASS = YES_ERROR;
				CLANG_WARN_QUOTED_INCLUDE_IN_FRAMEWORK_HEADER = YES;
				CLANG_WARN_RANGE_LOOP_ANALYSIS = YES;
				CLANG_WARN_STRICT_PROTOTYPES = YES;
				CLANG_WARN_SUSPICIOUS_MOVE = YES;
				CLANG_WARN_UNGUARDED_AVAILABILITY = YES_AGGRESSIVE;
				CLANG_WARN_UNREACHABLE_CODE = YES;
				CLANG_WARN__DUPLICATE_METHOD_MATCH = YES;
				COPY_PHASE_STRIP = NO;
				DEBUG_INFORMATION_FORMAT = dwarf;
				ENABLE_STRICT_OBJC_MSGSEND = YES;
				ENABLE_TESTABILITY = YES;
				GCC_C_LANGUAGE_STANDARD = gnu11;
				GCC_DYNAMIC_NO_PIC = NO;
				GCC_NO_COMMON_BLOCKS = YES;
				GCC_OPTIMIZATION_LEVEL = 0;
				GCC_PREPROCESSOR_DEFINITIONS = (
					"DEBUG=1",
					"$(inherited)",
				);
				GCC_WARN_64_TO_32_BIT_CONVERSION = YES;
				GCC_WARN_ABOUT_RETURN_TYPE = YES_ERROR;
				GCC_WARN_UNDECLARED_SELECTOR = YES;
				GCC_WARN_UNINITIALIZED_AUTOS = YES_AGGRESSIVE;
				GCC_WARN_UNUSED_FUNCTION = YES;
				GCC_WARN_UNUSED_VARIABLE = YES;
				IPHONEOS_DEPLOYMENT_TARGET = 15.4;
				MTL_ENABLE_DEBUG_INFO = INCLUDE_SOURCE;
				MTL_FAST_MATH = YES;
				ONLY_ACTIVE_ARCH = YES;
				SDKROOT = iphoneos;
				SWIFT_ACTIVE_COMPILATION_CONDITIONS = DEBUG;
				SWIFT_OPTIMIZATION_LEVEL = "-Onone";
			};
			name = Debug;
		};
		FA359639283E9C9900A8000B /* Release */ = {
			isa = XCBuildConfiguration;
			buildSettings = {
				ALWAYS_SEARCH_USER_PATHS = NO;
				CLANG_ANALYZER_NONNULL = YES;
				CLANG_ANALYZER_NUMBER_OBJECT_CONVERSION = YES_AGGRESSIVE;
				CLANG_CXX_LANGUAGE_STANDARD = "gnu++17";
				CLANG_ENABLE_MODULES = YES;
				CLANG_ENABLE_OBJC_ARC = YES;
				CLANG_ENABLE_OBJC_WEAK = YES;
				CLANG_WARN_BLOCK_CAPTURE_AUTORELEASING = YES;
				CLANG_WARN_BOOL_CONVERSION = YES;
				CLANG_WARN_COMMA = YES;
				CLANG_WARN_CONSTANT_CONVERSION = YES;
				CLANG_WARN_DEPRECATED_OBJC_IMPLEMENTATIONS = YES;
				CLANG_WARN_DIRECT_OBJC_ISA_USAGE = YES_ERROR;
				CLANG_WARN_DOCUMENTATION_COMMENTS = YES;
				CLANG_WARN_EMPTY_BODY = YES;
				CLANG_WARN_ENUM_CONVERSION = YES;
				CLANG_WARN_INFINITE_RECURSION = YES;
				CLANG_WARN_INT_CONVERSION = YES;
				CLANG_WARN_NON_LITERAL_NULL_CONVERSION = YES;
				CLANG_WARN_OBJC_IMPLICIT_RETAIN_SELF = YES;
				CLANG_WARN_OBJC_LITERAL_CONVERSION = YES;
				CLANG_WARN_OBJC_ROOT_CLASS = YES_ERROR;
				CLANG_WARN_QUOTED_INCLUDE_IN_FRAMEWORK_HEADER = YES;
				CLANG_WARN_RANGE_LOOP_ANALYSIS = YES;
				CLANG_WARN_STRICT_PROTOTYPES = YES;
				CLANG_WARN_SUSPICIOUS_MOVE = YES;
				CLANG_WARN_UNGUARDED_AVAILABILITY = YES_AGGRESSIVE;
				CLANG_WARN_UNREACHABLE_CODE = YES;
				CLANG_WARN__DUPLICATE_METHOD_MATCH = YES;
				COPY_PHASE_STRIP = NO;
				DEBUG_INFORMATION_FORMAT = "dwarf-with-dsym";
				ENABLE_NS_ASSERTIONS = NO;
				ENABLE_STRICT_OBJC_MSGSEND = YES;
				GCC_C_LANGUAGE_STANDARD = gnu11;
				GCC_NO_COMMON_BLOCKS = YES;
				GCC_WARN_64_TO_32_BIT_CONVERSION = YES;
				GCC_WARN_ABOUT_RETURN_TYPE = YES_ERROR;
				GCC_WARN_UNDECLARED_SELECTOR = YES;
				GCC_WARN_UNINITIALIZED_AUTOS = YES_AGGRESSIVE;
				GCC_WARN_UNUSED_FUNCTION = YES;
				GCC_WARN_UNUSED_VARIABLE = YES;
				IPHONEOS_DEPLOYMENT_TARGET = 15.4;
				MTL_ENABLE_DEBUG_INFO = NO;
				MTL_FAST_MATH = YES;
				SDKROOT = iphoneos;
				SWIFT_COMPILATION_MODE = wholemodule;
				SWIFT_OPTIMIZATION_LEVEL = "-O";
				VALIDATE_PRODUCT = YES;
			};
			name = Release;
		};
		FA35963B283E9C9900A8000B /* Debug */ = {
			isa = XCBuildConfiguration;
			buildSettings = {
				ASSETCATALOG_COMPILER_APPICON_NAME = AppIcon;
				ASSETCATALOG_COMPILER_GLOBAL_ACCENT_COLOR_NAME = AccentColor;
				CODE_SIGN_STYLE = Automatic;
				CURRENT_PROJECT_VERSION = 1;
				DEVELOPMENT_TEAM = 6578S57CDT;
				GENERATE_INFOPLIST_FILE = YES;
				INFOPLIST_FILE = Instagram_Light/Info.plist;
				INFOPLIST_KEY_UIApplicationSupportsIndirectInputEvents = YES;
				INFOPLIST_KEY_UILaunchStoryboardName = LaunchScreen;
				INFOPLIST_KEY_UISupportedInterfaceOrientations_iPad = "UIInterfaceOrientationPortrait UIInterfaceOrientationPortraitUpsideDown UIInterfaceOrientationLandscapeLeft UIInterfaceOrientationLandscapeRight";
				INFOPLIST_KEY_UISupportedInterfaceOrientations_iPhone = "UIInterfaceOrientationPortrait UIInterfaceOrientationLandscapeLeft UIInterfaceOrientationLandscapeRight";
				LD_RUNPATH_SEARCH_PATHS = (
					"$(inherited)",
					"@executable_path/Frameworks",
				);
				MARKETING_VERSION = 1.0;
				PRODUCT_BUNDLE_IDENTIFIER = "Jaehyeoklim.Instagram-Light";
				PRODUCT_NAME = "$(TARGET_NAME)";
				SWIFT_EMIT_LOC_STRINGS = YES;
				SWIFT_VERSION = 5.0;
				TARGETED_DEVICE_FAMILY = "1,2";
			};
			name = Debug;
		};
		FA35963C283E9C9900A8000B /* Release */ = {
			isa = XCBuildConfiguration;
			buildSettings = {
				ASSETCATALOG_COMPILER_APPICON_NAME = AppIcon;
				ASSETCATALOG_COMPILER_GLOBAL_ACCENT_COLOR_NAME = AccentColor;
				CODE_SIGN_STYLE = Automatic;
				CURRENT_PROJECT_VERSION = 1;
				DEVELOPMENT_TEAM = 6578S57CDT;
				GENERATE_INFOPLIST_FILE = YES;
				INFOPLIST_FILE = Instagram_Light/Info.plist;
				INFOPLIST_KEY_UIApplicationSupportsIndirectInputEvents = YES;
				INFOPLIST_KEY_UILaunchStoryboardName = LaunchScreen;
				INFOPLIST_KEY_UISupportedInterfaceOrientations_iPad = "UIInterfaceOrientationPortrait UIInterfaceOrientationPortraitUpsideDown UIInterfaceOrientationLandscapeLeft UIInterfaceOrientationLandscapeRight";
				INFOPLIST_KEY_UISupportedInterfaceOrientations_iPhone = "UIInterfaceOrientationPortrait UIInterfaceOrientationLandscapeLeft UIInterfaceOrientationLandscapeRight";
				LD_RUNPATH_SEARCH_PATHS = (
					"$(inherited)",
					"@executable_path/Frameworks",
				);
				MARKETING_VERSION = 1.0;
				PRODUCT_BUNDLE_IDENTIFIER = "Jaehyeoklim.Instagram-Light";
				PRODUCT_NAME = "$(TARGET_NAME)";
				SWIFT_EMIT_LOC_STRINGS = YES;
				SWIFT_VERSION = 5.0;
				TARGETED_DEVICE_FAMILY = "1,2";
			};
			name = Release;
		};
		FA35963E283E9C9900A8000B /* Debug */ = {
			isa = XCBuildConfiguration;
			buildSettings = {
				ALWAYS_EMBED_SWIFT_STANDARD_LIBRARIES = YES;
				BUNDLE_LOADER = "$(TEST_HOST)";
				CODE_SIGN_STYLE = Automatic;
				CURRENT_PROJECT_VERSION = 1;
				DEVELOPMENT_TEAM = 6578S57CDT;
				GENERATE_INFOPLIST_FILE = YES;
				IPHONEOS_DEPLOYMENT_TARGET = 15.4;
				MARKETING_VERSION = 1.0;
				PRODUCT_BUNDLE_IDENTIFIER = "Jaehyeoklim.Instagram-LightTests";
				PRODUCT_NAME = "$(TARGET_NAME)";
				SWIFT_EMIT_LOC_STRINGS = NO;
				SWIFT_VERSION = 5.0;
				TARGETED_DEVICE_FAMILY = "1,2";
				TEST_HOST = "$(BUILT_PRODUCTS_DIR)/Instagram_Light.app/Instagram_Light";
			};
			name = Debug;
		};
		FA35963F283E9C9900A8000B /* Release */ = {
			isa = XCBuildConfiguration;
			buildSettings = {
				ALWAYS_EMBED_SWIFT_STANDARD_LIBRARIES = YES;
				BUNDLE_LOADER = "$(TEST_HOST)";
				CODE_SIGN_STYLE = Automatic;
				CURRENT_PROJECT_VERSION = 1;
				DEVELOPMENT_TEAM = 6578S57CDT;
				GENERATE_INFOPLIST_FILE = YES;
				IPHONEOS_DEPLOYMENT_TARGET = 15.4;
				MARKETING_VERSION = 1.0;
				PRODUCT_BUNDLE_IDENTIFIER = "Jaehyeoklim.Instagram-LightTests";
				PRODUCT_NAME = "$(TARGET_NAME)";
				SWIFT_EMIT_LOC_STRINGS = NO;
				SWIFT_VERSION = 5.0;
				TARGETED_DEVICE_FAMILY = "1,2";
				TEST_HOST = "$(BUILT_PRODUCTS_DIR)/Instagram_Light.app/Instagram_Light";
			};
			name = Release;
		};
		FA359641283E9C9900A8000B /* Debug */ = {
			isa = XCBuildConfiguration;
			buildSettings = {
				ALWAYS_EMBED_SWIFT_STANDARD_LIBRARIES = YES;
				CODE_SIGN_STYLE = Automatic;
				CURRENT_PROJECT_VERSION = 1;
				DEVELOPMENT_TEAM = 6578S57CDT;
				GENERATE_INFOPLIST_FILE = YES;
				MARKETING_VERSION = 1.0;
				PRODUCT_BUNDLE_IDENTIFIER = "Jaehyeoklim.Instagram-LightUITests";
				PRODUCT_NAME = "$(TARGET_NAME)";
				SWIFT_EMIT_LOC_STRINGS = NO;
				SWIFT_VERSION = 5.0;
				TARGETED_DEVICE_FAMILY = "1,2";
				TEST_TARGET_NAME = Instagram_Light;
			};
			name = Debug;
		};
		FA359642283E9C9900A8000B /* Release */ = {
			isa = XCBuildConfiguration;
			buildSettings = {
				ALWAYS_EMBED_SWIFT_STANDARD_LIBRARIES = YES;
				CODE_SIGN_STYLE = Automatic;
				CURRENT_PROJECT_VERSION = 1;
				DEVELOPMENT_TEAM = 6578S57CDT;
				GENERATE_INFOPLIST_FILE = YES;
				MARKETING_VERSION = 1.0;
				PRODUCT_BUNDLE_IDENTIFIER = "Jaehyeoklim.Instagram-LightUITests";
				PRODUCT_NAME = "$(TARGET_NAME)";
				SWIFT_EMIT_LOC_STRINGS = NO;
				SWIFT_VERSION = 5.0;
				TARGETED_DEVICE_FAMILY = "1,2";
				TEST_TARGET_NAME = Instagram_Light;
			};
			name = Release;
		};
/* End XCBuildConfiguration section */

/* Begin XCConfigurationList section */
		FA35960B283E9C9800A8000B /* Build configuration list for PBXProject "Instagram_Light" */ = {
			isa = XCConfigurationList;
			buildConfigurations = (
				FA359638283E9C9900A8000B /* Debug */,
				FA359639283E9C9900A8000B /* Release */,
			);
			defaultConfigurationIsVisible = 0;
			defaultConfigurationName = Release;
		};
		FA35963A283E9C9900A8000B /* Build configuration list for PBXNativeTarget "Instagram_Light" */ = {
			isa = XCConfigurationList;
			buildConfigurations = (
				FA35963B283E9C9900A8000B /* Debug */,
				FA35963C283E9C9900A8000B /* Release */,
			);
			defaultConfigurationIsVisible = 0;
			defaultConfigurationName = Release;
		};
		FA35963D283E9C9900A8000B /* Build configuration list for PBXNativeTarget "Instagram_LightTests" */ = {
			isa = XCConfigurationList;
			buildConfigurations = (
				FA35963E283E9C9900A8000B /* Debug */,
				FA35963F283E9C9900A8000B /* Release */,
			);
			defaultConfigurationIsVisible = 0;
			defaultConfigurationName = Release;
		};
		FA359640283E9C9900A8000B /* Build configuration list for PBXNativeTarget "Instagram_LightUITests" */ = {
			isa = XCConfigurationList;
			buildConfigurations = (
				FA359641283E9C9900A8000B /* Debug */,
				FA359642283E9C9900A8000B /* Release */,
			);
			defaultConfigurationIsVisible = 0;
			defaultConfigurationName = Release;
		};
/* End XCConfigurationList section */
	};
	rootObject = FA359608283E9C9800A8000B /* Project object */;
}
